
Microsoft Visual Studio Solution File, Format Version 12.00
# Visual Studio 15
VisualStudioVersion = 15.0.28307.136
MinimumVisualStudioVersion = 10.0.40219.1
Project("{2150E333-8FDC-42A3-9474-1A3956D46DE8}") = "Orchestrations", "Orchestrations", "{941BAF0B-FCB5-4472-8778-6A0EEC506E28}"
EndProject
Project("{2150E333-8FDC-42A3-9474-1A3956D46DE8}") = "BlazorApp", "BlazorApp", "{08422C9E-7A4F-4ED9-A5E8-572A3A977815}"
EndProject
Project("{9A19103F-16F7-4668-BE54-9A1E7A4F7556}") = "Blazor.BrowserApp", "Blazor.BrowserApp\Blazor.BrowserApp.csproj", "{ABA2BF0C-C1CE-4481-B7B2-D86A65B839E4}"
EndProject
Project("{9A19103F-16F7-4668-BE54-9A1E7A4F7556}") = "Blazor.AspNetCoreApp", "Blazor.AspNetCoreApp\Blazor.AspNetCoreApp.csproj", "{A986D1BC-5AD7-4444-9BAA-D8D1EC142339}"
EndProject
Project("{2150E333-8FDC-42A3-9474-1A3956D46DE8}") = "Mvc5", "Mvc5", "{9C77CD77-D9BF-43BF-9F40-C01B485DDB67}"
EndProject
Project("{FAE04EC0-301F-11D3-BF4B-00C04F79EFBC}") = "Mvc5.AspNetApp", "Mvc5.AspNetApp\Mvc5.AspNetApp.csproj", "{B7D971AF-8A42-452B-B97E-BF66440F90F7}"
EndProject
Project("{2150E333-8FDC-42A3-9474-1A3956D46DE8}") = "WinForms", "WinForms", "{863CE71C-C817-432B-A191-AFCA0CD48A7A}"
EndProject
Project("{FAE04EC0-301F-11D3-BF4B-00C04F79EFBC}") = "WinForms.WinFormsApp", "WinForms.WinFormsApp\WinForms.WinFormsApp.csproj", "{4D0B3F80-E987-456E-8E79-6D1D3ACCCF73}"
EndProject
Project("{2150E333-8FDC-42A3-9474-1A3956D46DE8}") = "ServiceAreas", "ServiceAreas", "{19EF7678-30EF-4BF0-A34A-CEDBD4129131}"
EndProject
Project("{2150E333-8FDC-42A3-9474-1A3956D46DE8}") = "Facilities", "Facilities", "{3D067A59-BDFD-42DF-91D2-88D553A72581}"
EndProject
Project("{9A19103F-16F7-4668-BE54-9A1E7A4F7556}") = "Facilities.AspNetCoreApp", "Facilities.AspNetCoreApp\Facilities.AspNetCoreApp.csproj", "{E56C0AD4-90A1-4695-AEB9-86C23245496D}"
EndProject
Project("{9A19103F-16F7-4668-BE54-9A1E7A4F7556}") = "Facilities.Lib", "Facilities.Lib\Facilities.Lib.csproj", "{CB26886C-0EBD-486A-A88D-33CDDAB0D55F}"
EndProject
Project("{9A19103F-16F7-4668-BE54-9A1E7A4F7556}") = "Facilities.Shared", "Facilities.Shared\Facilities.Shared.csproj", "{D403C8D2-E472-46F2-B9E9-4E4015EFD0F5}"
EndProject
Project("{2150E333-8FDC-42A3-9474-1A3956D46DE8}") = "HumanResources", "HumanResources", "{B1B6786D-87C2-4520-BB48-61DF769BB036}"
EndProject
Project("{9A19103F-16F7-4668-BE54-9A1E7A4F7556}") = "HumanResources.AspNetCoreApp", "HumanResources.AspNetCoreApp\HumanResources.AspNetCoreApp.csproj", "{48243619-F762-45DB-8A43-9B948EC5F024}"
EndProject
Project("{9A19103F-16F7-4668-BE54-9A1E7A4F7556}") = "HumanResources.Lib", "HumanResources.Lib\HumanResources.Lib.csproj", "{A06D20C5-AB50-4B14-B1BF-C1DD53D823B5}"
EndProject
Project("{9A19103F-16F7-4668-BE54-9A1E7A4F7556}") = "HumanResources.Shared", "HumanResources.Shared\HumanResources.Shared.csproj", "{7AF5BAFB-AA32-44CF-A6F1-3D56D0F957C0}"
EndProject
Global
	GlobalSection(SolutionConfigurationPlatforms) = preSolution
		Debug|Any CPU = Debug|Any CPU
		Release|Any CPU = Release|Any CPU
	EndGlobalSection
	GlobalSection(ProjectConfigurationPlatforms) = postSolution
		{ABA2BF0C-C1CE-4481-B7B2-D86A65B839E4}.Debug|Any CPU.ActiveCfg = Debug|Any CPU
		{ABA2BF0C-C1CE-4481-B7B2-D86A65B839E4}.Debug|Any CPU.Build.0 = Debug|Any CPU
		{ABA2BF0C-C1CE-4481-B7B2-D86A65B839E4}.Release|Any CPU.ActiveCfg = Release|Any CPU
		{ABA2BF0C-C1CE-4481-B7B2-D86A65B839E4}.Release|Any CPU.Build.0 = Release|Any CPU
		{A986D1BC-5AD7-4444-9BAA-D8D1EC142339}.Debug|Any CPU.ActiveCfg = Debug|Any CPU
		{A986D1BC-5AD7-4444-9BAA-D8D1EC142339}.Debug|Any CPU.Build.0 = Debug|Any CPU
		{A986D1BC-5AD7-4444-9BAA-D8D1EC142339}.Release|Any CPU.ActiveCfg = Release|Any CPU
		{A986D1BC-5AD7-4444-9BAA-D8D1EC142339}.Release|Any CPU.Build.0 = Release|Any CPU
		{B7D971AF-8A42-452B-B97E-BF66440F90F7}.Debug|Any CPU.ActiveCfg = Debug|Any CPU
		{B7D971AF-8A42-452B-B97E-BF66440F90F7}.Debug|Any CPU.Build.0 = Debug|Any CPU
		{B7D971AF-8A42-452B-B97E-BF66440F90F7}.Release|Any CPU.ActiveCfg = Release|Any CPU
		{B7D971AF-8A42-452B-B97E-BF66440F90F7}.Release|Any CPU.Build.0 = Release|Any CPU
		{4D0B3F80-E987-456E-8E79-6D1D3ACCCF73}.Debug|Any CPU.ActiveCfg = Debug|Any CPU
		{4D0B3F80-E987-456E-8E79-6D1D3ACCCF73}.Debug|Any CPU.Build.0 = Debug|Any CPU
		{4D0B3F80-E987-456E-8E79-6D1D3ACCCF73}.Release|Any CPU.ActiveCfg = Release|Any CPU
		{4D0B3F80-E987-456E-8E79-6D1D3ACCCF73}.Release|Any CPU.Build.0 = Release|Any CPU
		{E56C0AD4-90A1-4695-AEB9-86C23245496D}.Debug|Any CPU.ActiveCfg = Debug|Any CPU
		{E56C0AD4-90A1-4695-AEB9-86C23245496D}.Debug|Any CPU.Build.0 = Debug|Any CPU
		{E56C0AD4-90A1-4695-AEB9-86C23245496D}.Release|Any CPU.ActiveCfg = Release|Any CPU
		{E56C0AD4-90A1-4695-AEB9-86C23245496D}.Release|Any CPU.Build.0 = Release|Any CPU
		{CB26886C-0EBD-486A-A88D-33CDDAB0D55F}.Debug|Any CPU.ActiveCfg = Debug|Any CPU
		{CB26886C-0EBD-486A-A88D-33CDDAB0D55F}.Debug|Any CPU.Build.0 = Debug|Any CPU
		{CB26886C-0EBD-486A-A88D-33CDDAB0D55F}.Release|Any CPU.ActiveCfg = Release|Any CPU
		{CB26886C-0EBD-486A-A88D-33CDDAB0D55F}.Release|Any CPU.Build.0 = Release|Any CPU
		{D403C8D2-E472-46F2-B9E9-4E4015EFD0F5}.Debug|Any CPU.ActiveCfg = Debug|Any CPU
		{D403C8D2-E472-46F2-B9E9-4E4015EFD0F5}.Debug|Any CPU.Build.0 = Debug|Any CPU
		{D403C8D2-E472-46F2-B9E9-4E4015EFD0F5}.Release|Any CPU.ActiveCfg = Release|Any CPU
		{D403C8D2-E472-46F2-B9E9-4E4015EFD0F5}.Release|Any CPU.Build.0 = Release|Any CPU
		{48243619-F762-45DB-8A43-9B948EC5F024}.Debug|Any CPU.ActiveCfg = Debug|Any CPU
		{48243619-F762-45DB-8A43-9B948EC5F024}.Debug|Any CPU.Build.0 = Debug|Any CPU
		{48243619-F762-45DB-8A43-9B948EC5F024}.Release|Any CPU.ActiveCfg = Release|Any CPU
		{48243619-F762-45DB-8A43-9B948EC5F024}.Release|Any CPU.Build.0 = Release|Any CPU
		{A06D20C5-AB50-4B14-B1BF-C1DD53D823B5}.Debug|Any CPU.ActiveCfg = Debug|Any CPU
		{A06D20C5-AB50-4B14-B1BF-C1DD53D823B5}.Debug|Any CPU.Build.0 = Debug|Any CPU
		{A06D20C5-AB50-4B14-B1BF-C1DD53D823B5}.Release|Any CPU.ActiveCfg = Release|Any CPU
		{A06D20C5-AB50-4B14-B1BF-C1DD53D823B5}.Release|Any CPU.Build.0 = Release|Any CPU
		{7AF5BAFB-AA32-44CF-A6F1-3D56D0F957C0}.Debug|Any CPU.ActiveCfg = Debug|Any CPU
		{7AF5BAFB-AA32-44CF-A6F1-3D56D0F957C0}.Debug|Any CPU.Build.0 = Debug|Any CPU
		{7AF5BAFB-AA32-44CF-A6F1-3D56D0F957C0}.Release|Any CPU.ActiveCfg = Release|Any CPU
		{7AF5BAFB-AA32-44CF-A6F1-3D56D0F957C0}.Release|Any CPU.Build.0 = Release|Any CPU
	EndGlobalSection
	GlobalSection(SolutionProperties) = preSolution
		HideSolutionNode = FALSE
	EndGlobalSection
	GlobalSection(NestedProjects) = preSolution
		{08422C9E-7A4F-4ED9-A5E8-572A3A977815} = {941BAF0B-FCB5-4472-8778-6A0EEC506E28}
		{ABA2BF0C-C1CE-4481-B7B2-D86A65B839E4} = {08422C9E-7A4F-4ED9-A5E8-572A3A977815}
		{A986D1BC-5AD7-4444-9BAA-D8D1EC142339} = {08422C9E-7A4F-4ED9-A5E8-572A3A977815}
		{9C77CD77-D9BF-43BF-9F40-C01B485DDB67} = {941BAF0B-FCB5-4472-8778-6A0EEC506E28}
		{B7D971AF-8A42-452B-B97E-BF66440F90F7} = {9C77CD77-D9BF-43BF-9F40-C01B485DDB67}
		{863CE71C-C817-432B-A191-AFCA0CD48A7A} = {941BAF0B-FCB5-4472-8778-6A0EEC506E28}
		{4D0B3F80-E987-456E-8E79-6D1D3ACCCF73} = {863CE71C-C817-432B-A191-AFCA0CD48A7A}
		{3D067A59-BDFD-42DF-91D2-88D553A72581} = {19EF7678-30EF-4BF0-A34A-CEDBD4129131}
		{E56C0AD4-90A1-4695-AEB9-86C23245496D} = {3D067A59-BDFD-42DF-91D2-88D553A72581}
		{CB26886C-0EBD-486A-A88D-33CDDAB0D55F} = {3D067A59-BDFD-42DF-91D2-88D553A72581}
		{D403C8D2-E472-46F2-B9E9-4E4015EFD0F5} = {3D067A59-BDFD-42DF-91D2-88D553A72581}
		{B1B6786D-87C2-4520-BB48-61DF769BB036} = {19EF7678-30EF-4BF0-A34A-CEDBD4129131}
		{48243619-F762-45DB-8A43-9B948EC5F024} = {B1B6786D-87C2-4520-BB48-61DF769BB036}
		{A06D20C5-AB50-4B14-B1BF-C1DD53D823B5} = {B1B6786D-87C2-4520-BB48-61DF769BB036}
		{7AF5BAFB-AA32-44CF-A6F1-3D56D0F957C0} = {B1B6786D-87C2-4520-BB48-61DF769BB036}
	EndGlobalSection
	GlobalSection(ExtensibilityGlobals) = postSolution
		SolutionGuid = {D77F2382-CDB0-424A-ADD6-ACAB7CF2EE41}
	EndGlobalSection
EndGlobal
