
Microsoft Visual Studio Solution File, Format Version 12.00
# Visual Studio Version 16
VisualStudioVersion = 16.0.28803.352
MinimumVisualStudioVersion = 10.0.40219.1
Project("{9A19103F-16F7-4668-BE54-9A1E7A4F7556}") = "Facilities.Shared", "..\Facilities.Shared\Facilities.Shared.csproj", "{A02E6252-8447-4FE2-8800-C8DCC5D3587D}"
EndProject
Project("{9A19103F-16F7-4668-BE54-9A1E7A4F7556}") = "Facilities.Lib", "..\Facilities.Lib\Facilities.Lib.csproj", "{9BF025E8-91A1-49A4-97B9-50DC21F3136F}"
EndProject
Project("{9A19103F-16F7-4668-BE54-9A1E7A4F7556}") = "HumanResources.Shared", "..\HumanResources.Shared\HumanResources.Shared.csproj", "{5CF94B87-937B-4A76-B146-77321487FD33}"
EndProject
Project("{9A19103F-16F7-4668-BE54-9A1E7A4F7556}") = "HumanResources.Lib", "..\HumanResources.Lib\HumanResources.Lib.csproj", "{52243CCB-5B8A-4AAF-95EB-AE60D9055541}"
EndProject
Project("{FAE04EC0-301F-11D3-BF4B-00C04F79EFBC}") = "CrudForm", "CrudForm\CrudForm.csproj", "{7A3552A2-9418-4711-923A-5CF30D4FDDA8}"
EndProject
Global
	GlobalSection(SolutionConfigurationPlatforms) = preSolution
		Debug|Any CPU = Debug|Any CPU
		Release|Any CPU = Release|Any CPU
	EndGlobalSection
	GlobalSection(ProjectConfigurationPlatforms) = postSolution
		{A02E6252-8447-4FE2-8800-C8DCC5D3587D}.Debug|Any CPU.ActiveCfg = Debug|Any CPU
		{A02E6252-8447-4FE2-8800-C8DCC5D3587D}.Debug|Any CPU.Build.0 = Debug|Any CPU
		{A02E6252-8447-4FE2-8800-C8DCC5D3587D}.Release|Any CPU.ActiveCfg = Release|Any CPU
		{A02E6252-8447-4FE2-8800-C8DCC5D3587D}.Release|Any CPU.Build.0 = Release|Any CPU
		{9BF025E8-91A1-49A4-97B9-50DC21F3136F}.Debug|Any CPU.ActiveCfg = Debug|Any CPU
		{9BF025E8-91A1-49A4-97B9-50DC21F3136F}.Debug|Any CPU.Build.0 = Debug|Any CPU
		{9BF025E8-91A1-49A4-97B9-50DC21F3136F}.Release|Any CPU.ActiveCfg = Release|Any CPU
		{9BF025E8-91A1-49A4-97B9-50DC21F3136F}.Release|Any CPU.Build.0 = Release|Any CPU
		{5CF94B87-937B-4A76-B146-77321487FD33}.Debug|Any CPU.ActiveCfg = Debug|Any CPU
		{5CF94B87-937B-4A76-B146-77321487FD33}.Debug|Any CPU.Build.0 = Debug|Any CPU
		{5CF94B87-937B-4A76-B146-77321487FD33}.Release|Any CPU.ActiveCfg = Release|Any CPU
		{5CF94B87-937B-4A76-B146-77321487FD33}.Release|Any CPU.Build.0 = Release|Any CPU
		{52243CCB-5B8A-4AAF-95EB-AE60D9055541}.Debug|Any CPU.ActiveCfg = Debug|Any CPU
		{52243CCB-5B8A-4AAF-95EB-AE60D9055541}.Debug|Any CPU.Build.0 = Debug|Any CPU
		{52243CCB-5B8A-4AAF-95EB-AE60D9055541}.Release|Any CPU.ActiveCfg = Release|Any CPU
		{52243CCB-5B8A-4AAF-95EB-AE60D9055541}.Release|Any CPU.Build.0 = Release|Any CPU
		{7A3552A2-9418-4711-923A-5CF30D4FDDA8}.Debug|Any CPU.ActiveCfg = Debug|Any CPU
		{7A3552A2-9418-4711-923A-5CF30D4FDDA8}.Debug|Any CPU.Build.0 = Debug|Any CPU
		{7A3552A2-9418-4711-923A-5CF30D4FDDA8}.Release|Any CPU.ActiveCfg = Release|Any CPU
		{7A3552A2-9418-4711-923A-5CF30D4FDDA8}.Release|Any CPU.Build.0 = Release|Any CPU
	EndGlobalSection
	GlobalSection(SolutionProperties) = preSolution
		HideSolutionNode = FALSE
	EndGlobalSection
	GlobalSection(ExtensibilityGlobals) = postSolution
		SolutionGuid = {D797CC48-A535-42C6-A771-9FD676EB05AA}
	EndGlobalSection
EndGlobal
